name: Terraform Force Unlock

on:
  workflow_dispatch:
    inputs:
      lock_id:
        description: 'Lock ID to force unlock'
        required: true
        type: string

permissions:
  contents: read
  id-token: write

jobs:
  unlock:
    name: Force Unlock Terraform State
    runs-on: ubuntu-latest
    defaults:
      run:
        working-directory: infra/terraform

    steps:
      - name: Checkout repository
        uses: actions/checkout@v4

      - name: Setup Terraform
        uses: ./.github/actions/setup-terraform
        with:
          workload_identity_provider: ${{ secrets.GCP_WORKLOAD_IDENTITY_PROVIDER }}
          service_account: ${{ secrets.GCP_SERVICE_ACCOUNT }}

      - name: Terraform Init
        run: terraform init

      - name: Force Unlock Terraform State
        run: |
          echo "🔓 Force unlocking Terraform state..."
          echo "Lock ID: ${{ inputs.lock_id }}"
          terraform force-unlock -force ${{ inputs.lock_id }}
          echo "✅ Terraform state unlocked successfully"
